
Microsoft Visual Studio Solution File, Format Version 12.00
# Visual Studio 15
VisualStudioVersion = 15.0.26730.16
MinimumVisualStudioVersion = 10.0.40219.1
Project("{8BC9CEB8-8B4A-11D0-8D11-00A0C91BC942}") = "Reproduction", "Reproduction\Reproduction.vcxproj", "{62E4F54A-F479-4637-A4F1-8629941F5CDB}"
EndProject
Global
	GlobalSection(SolutionConfigurationPlatforms) = preSolution
		Debug|x64 = Debug|x64
		Debug|x86 = Debug|x86
		Release|x64 = Release|x64
		Release|x86 = Release|x86
	EndGlobalSection
	GlobalSection(ProjectConfigurationPlatforms) = postSolution
		{62E4F54A-F479-4637-A4F1-8629941F5CDB}.Debug|x64.ActiveCfg = Debug|x64
		{62E4F54A-F479-4637-A4F1-8629941F5CDB}.Debug|x64.Build.0 = Debug|x64
		{62E4F54A-F479-4637-A4F1-8629941F5CDB}.Debug|x86.ActiveCfg = Debug|Win32
		{62E4F54A-F479-4637-A4F1-8629941F5CDB}.Debug|x86.Build.0 = Debug|Win32
		{62E4F54A-F479-4637-A4F1-8629941F5CDB}.Release|x64.ActiveCfg = Release|x64
		{62E4F54A-F479-4637-A4F1-8629941F5CDB}.Release|x64.Build.0 = Release|x64
		{62E4F54A-F479-4637-A4F1-8629941F5CDB}.Release|x86.ActiveCfg = Release|Win32
		{62E4F54A-F479-4637-A4F1-8629941F5CDB}.Release|x86.Build.0 = Release|Win32
	EndGlobalSection
	GlobalSection(SolutionProperties) = preSolution
		HideSolutionNode = FALSE
	EndGlobalSection
	GlobalSection(ExtensibilityGlobals) = postSolution
		SolutionGuid = {5E17D455-CA54-48BA-8525-8D40D8CAD9F4}
	EndGlobalSection
EndGlobal
